
Microsoft Visual Studio Solution File, Format Version 12.00
# Visual Studio 15
VisualStudioVersion = 15.0.26730.15
MinimumVisualStudioVersion = 10.0.40219.1
Project("{9A19103F-16F7-4668-BE54-9A1E7A4F7556}") = "TaviscaDataAnalyzerTool", "TaviscaDataAnalyzerTool\TaviscaDataAnalyzerTool.csproj", "{76F2702B-13BD-4D49-A053-5238493B580F}"
EndProject
Project("{9A19103F-16F7-4668-BE54-9A1E7A4F7556}") = "TaviscaDataAnalyzerServiceProvider", "TaviscaDataAnalyzerServiceProvider\TaviscaDataAnalyzerServiceProvider.csproj", "{20CE16AD-B0CB-4FCC-B80C-65EADB73871E}"
EndProject
Project("{9A19103F-16F7-4668-BE54-9A1E7A4F7556}") = "TaviscaDataAnalyzerDatabase", "TaviscaDataAnalyzerDatabase\TaviscaDataAnalyzerDatabase.csproj", "{9FC05B82-3CC6-4D51-A787-DB815F5DD81E}"
EndProject
Project("{9A19103F-16F7-4668-BE54-9A1E7A4F7556}") = "TaviscaDataAnalyzerCache", "TaviscaDataAnalyzerCache\TaviscaDataAnalyzerCache.csproj", "{6BEEEB6F-4D6F-4914-92E7-3806266D9676}"
EndProject
Project("{9A19103F-16F7-4668-BE54-9A1E7A4F7556}") = "CoreContracts", "CoreContracts\CoreContracts.csproj", "{6F5A61AF-F4F2-4678-AC78-D14259B6145D}"
EndProject
Project("{FAE04EC0-301F-11D3-BF4B-00C04F79EFBC}") = "TaviscaDataAnalyzerTranslator", "TaviscaDataAnalyzerTranslator\TaviscaDataAnalyzerTranslator.csproj", "{65C480BD-D7CB-4B4C-B399-375BCE073B93}"
EndProject
Global
	GlobalSection(SolutionConfigurationPlatforms) = preSolution
		Debug|Any CPU = Debug|Any CPU
		Release|Any CPU = Release|Any CPU
	EndGlobalSection
	GlobalSection(ProjectConfigurationPlatforms) = postSolution
		{76F2702B-13BD-4D49-A053-5238493B580F}.Debug|Any CPU.ActiveCfg = Debug|Any CPU
		{76F2702B-13BD-4D49-A053-5238493B580F}.Debug|Any CPU.Build.0 = Debug|Any CPU
		{76F2702B-13BD-4D49-A053-5238493B580F}.Release|Any CPU.ActiveCfg = Release|Any CPU
		{76F2702B-13BD-4D49-A053-5238493B580F}.Release|Any CPU.Build.0 = Release|Any CPU
		{20CE16AD-B0CB-4FCC-B80C-65EADB73871E}.Debug|Any CPU.ActiveCfg = Debug|Any CPU
		{20CE16AD-B0CB-4FCC-B80C-65EADB73871E}.Debug|Any CPU.Build.0 = Debug|Any CPU
		{20CE16AD-B0CB-4FCC-B80C-65EADB73871E}.Release|Any CPU.ActiveCfg = Release|Any CPU
		{20CE16AD-B0CB-4FCC-B80C-65EADB73871E}.Release|Any CPU.Build.0 = Release|Any CPU
		{9FC05B82-3CC6-4D51-A787-DB815F5DD81E}.Debug|Any CPU.ActiveCfg = Debug|Any CPU
		{9FC05B82-3CC6-4D51-A787-DB815F5DD81E}.Debug|Any CPU.Build.0 = Debug|Any CPU
		{9FC05B82-3CC6-4D51-A787-DB815F5DD81E}.Release|Any CPU.ActiveCfg = Release|Any CPU
		{9FC05B82-3CC6-4D51-A787-DB815F5DD81E}.Release|Any CPU.Build.0 = Release|Any CPU
		{6BEEEB6F-4D6F-4914-92E7-3806266D9676}.Debug|Any CPU.ActiveCfg = Debug|Any CPU
		{6BEEEB6F-4D6F-4914-92E7-3806266D9676}.Debug|Any CPU.Build.0 = Debug|Any CPU
		{6BEEEB6F-4D6F-4914-92E7-3806266D9676}.Release|Any CPU.ActiveCfg = Release|Any CPU
		{6BEEEB6F-4D6F-4914-92E7-3806266D9676}.Release|Any CPU.Build.0 = Release|Any CPU
		{6F5A61AF-F4F2-4678-AC78-D14259B6145D}.Debug|Any CPU.ActiveCfg = Debug|Any CPU
		{6F5A61AF-F4F2-4678-AC78-D14259B6145D}.Debug|Any CPU.Build.0 = Debug|Any CPU
		{6F5A61AF-F4F2-4678-AC78-D14259B6145D}.Release|Any CPU.ActiveCfg = Release|Any CPU
		{6F5A61AF-F4F2-4678-AC78-D14259B6145D}.Release|Any CPU.Build.0 = Release|Any CPU
		{65C480BD-D7CB-4B4C-B399-375BCE073B93}.Debug|Any CPU.ActiveCfg = Debug|Any CPU
		{65C480BD-D7CB-4B4C-B399-375BCE073B93}.Debug|Any CPU.Build.0 = Debug|Any CPU
		{65C480BD-D7CB-4B4C-B399-375BCE073B93}.Release|Any CPU.ActiveCfg = Release|Any CPU
		{65C480BD-D7CB-4B4C-B399-375BCE073B93}.Release|Any CPU.Build.0 = Release|Any CPU
	EndGlobalSection
	GlobalSection(SolutionProperties) = preSolution
		HideSolutionNode = FALSE
	EndGlobalSection
	GlobalSection(ExtensibilityGlobals) = postSolution
		SolutionGuid = {6F5683C0-2979-46EA-8173-E340EDD9FD77}
	EndGlobalSection
EndGlobal
