
Microsoft Visual Studio Solution File, Format Version 12.00
# Visual Studio 15
VisualStudioVersion = 15.0.26730.15
MinimumVisualStudioVersion = 10.0.40219.1
Project("{FAE04EC0-301F-11D3-BF4B-00C04F79EFBC}") = "TaviscaDataAnalyzerApi", "DataAnalyzerTavisca\TaviscaDataAnalyzerApi.csproj", "{DB60F3FA-C8C6-4BBC-904F-A047D894F4E3}"
EndProject
Project("{FAE04EC0-301F-11D3-BF4B-00C04F79EFBC}") = "TaviscaDataAnalyzerCache", "Caching\TaviscaDataAnalyzerCache.csproj", "{8F9CA719-64D2-46A0-97EE-5E4B5A6C705B}"
EndProject
Project("{FAE04EC0-301F-11D3-BF4B-00C04F79EFBC}") = "TaviscaDataAnalyzerDatabase", "Database\TaviscaDataAnalyzerDatabase.csproj", "{F8A10E06-AB09-4FF6-80E1-FEC39DBC17E0}"
EndProject
Project("{FAE04EC0-301F-11D3-BF4B-00C04F79EFBC}") = "TaviscaDataAnalyzerServiceProvider", "TaviscaDataAnalyzerServiceProvider\TaviscaDataAnalyzerServiceProvider.csproj", "{8995B4CA-5539-4CC9-B9E8-7E6606422A2C}"
EndProject
Global
	GlobalSection(SolutionConfigurationPlatforms) = preSolution
		Debug|Any CPU = Debug|Any CPU
		Release|Any CPU = Release|Any CPU
	EndGlobalSection
	GlobalSection(ProjectConfigurationPlatforms) = postSolution
		{DB60F3FA-C8C6-4BBC-904F-A047D894F4E3}.Debug|Any CPU.ActiveCfg = Debug|Any CPU
		{DB60F3FA-C8C6-4BBC-904F-A047D894F4E3}.Debug|Any CPU.Build.0 = Debug|Any CPU
		{DB60F3FA-C8C6-4BBC-904F-A047D894F4E3}.Release|Any CPU.ActiveCfg = Release|Any CPU
		{DB60F3FA-C8C6-4BBC-904F-A047D894F4E3}.Release|Any CPU.Build.0 = Release|Any CPU
		{8F9CA719-64D2-46A0-97EE-5E4B5A6C705B}.Debug|Any CPU.ActiveCfg = Debug|Any CPU
		{8F9CA719-64D2-46A0-97EE-5E4B5A6C705B}.Debug|Any CPU.Build.0 = Debug|Any CPU
		{8F9CA719-64D2-46A0-97EE-5E4B5A6C705B}.Release|Any CPU.ActiveCfg = Release|Any CPU
		{8F9CA719-64D2-46A0-97EE-5E4B5A6C705B}.Release|Any CPU.Build.0 = Release|Any CPU
		{F8A10E06-AB09-4FF6-80E1-FEC39DBC17E0}.Debug|Any CPU.ActiveCfg = Debug|Any CPU
		{F8A10E06-AB09-4FF6-80E1-FEC39DBC17E0}.Debug|Any CPU.Build.0 = Debug|Any CPU
		{F8A10E06-AB09-4FF6-80E1-FEC39DBC17E0}.Release|Any CPU.ActiveCfg = Release|Any CPU
		{F8A10E06-AB09-4FF6-80E1-FEC39DBC17E0}.Release|Any CPU.Build.0 = Release|Any CPU
		{8995B4CA-5539-4CC9-B9E8-7E6606422A2C}.Debug|Any CPU.ActiveCfg = Debug|Any CPU
		{8995B4CA-5539-4CC9-B9E8-7E6606422A2C}.Debug|Any CPU.Build.0 = Debug|Any CPU
		{8995B4CA-5539-4CC9-B9E8-7E6606422A2C}.Release|Any CPU.ActiveCfg = Release|Any CPU
		{8995B4CA-5539-4CC9-B9E8-7E6606422A2C}.Release|Any CPU.Build.0 = Release|Any CPU
	EndGlobalSection
	GlobalSection(SolutionProperties) = preSolution
		HideSolutionNode = FALSE
	EndGlobalSection
	GlobalSection(ExtensibilityGlobals) = postSolution
		SolutionGuid = {258D958A-9530-4E26-8AA4-BD00CD7322B2}
	EndGlobalSection
EndGlobal
